
Microsoft Visual Studio Solution File, Format Version 12.00
# Visual Studio Version 16
VisualStudioVersion = 16.0.29926.136
MinimumVisualStudioVersion = 10.0.40219.1
Project("{9A19103F-16F7-4668-BE54-9A1E7A4F7556}") = "BannerGenerator", "BannerGenerator\BannerGenerator.csproj", "{A01506AC-D6A9-421A-8F45-DE0764D486FD}"
EndProject
Global
	GlobalSection(SolutionConfigurationPlatforms) = preSolution
		Debug|Any CPU = Debug|Any CPU
		Release|Any CPU = Release|Any CPU
	EndGlobalSection
	GlobalSection(ProjectConfigurationPlatforms) = postSolution
		{A01506AC-D6A9-421A-8F45-DE0764D486FD}.Debug|Any CPU.ActiveCfg = Debug|Any CPU
		{A01506AC-D6A9-421A-8F45-DE0764D486FD}.Debug|Any CPU.Build.0 = Debug|Any CPU
		{A01506AC-D6A9-421A-8F45-DE0764D486FD}.Release|Any CPU.ActiveCfg = Release|Any CPU
		{A01506AC-D6A9-421A-8F45-DE0764D486FD}.Release|Any CPU.Build.0 = Release|Any CPU
	EndGlobalSection
	GlobalSection(SolutionProperties) = preSolution
		HideSolutionNode = FALSE
	EndGlobalSection
	GlobalSection(ExtensibilityGlobals) = postSolution
		SolutionGuid = {D0D8C3D5-0D09-4688-9C73-8EE84F6B760B}
	EndGlobalSection
EndGlobal
